# This file is automatically @generated by Cargo.
# It is not intended for manual editing.
[[package]]
name = "httparse"
version = "1.4.1"
source = "registry+https://github.com/rust-lang/crates.io-index"
checksum = "f3a87b616e37e93c22fb19bcd386f02f3af5ea98a25670ad0fce773de23c5e68"

[[package]]
name = "web_server"
version = "0.1.0"
dependencies = [
 "httparse",
]
